
Microsoft Visual Studio Solution File, Format Version 12.00
# Visual Studio 15
VisualStudioVersion = 15.0.27703.2026
MinimumVisualStudioVersion = 10.0.40219.1
Project("{888888A0-9F3D-457C-B088-3A5042F75D52}") = "iphipy", "iphipy\iphipy.pyproj", "{92C32088-42A5-46FC-B253-EEB2F6C70C57}"
EndProject
Global
	GlobalSection(SolutionConfigurationPlatforms) = preSolution
		Debug|Any CPU = Debug|Any CPU
		Release|Any CPU = Release|Any CPU
	EndGlobalSection
	GlobalSection(ProjectConfigurationPlatforms) = postSolution
		{92C32088-42A5-46FC-B253-EEB2F6C70C57}.Debug|Any CPU.ActiveCfg = Debug|Any CPU
		{92C32088-42A5-46FC-B253-EEB2F6C70C57}.Release|Any CPU.ActiveCfg = Release|Any CPU
	EndGlobalSection
	GlobalSection(SolutionProperties) = preSolution
		HideSolutionNode = FALSE
	EndGlobalSection
	GlobalSection(ExtensibilityGlobals) = postSolution
		SolutionGuid = {DB6ACE7F-A6DE-417A-AE6F-8C6BB0F983D6}
	EndGlobalSection
EndGlobal
